<?xml version="1.0" encoding="utf-8"?>
<Project ToolsVersion="4.0" xmlns="http://schemas.microsoft.com/developer/msbuild/2003">
  <ItemGroup>
    <Filter Include="소스 파일">
      <UniqueIdentifier>{4FC737F1-C7A5-4376-A066-2A32D752A2FF}</UniqueIdentifier>
      <Extensions>cpp;c;cc;cxx;def;odl;idl;hpj;bat;asm;asmx</Extensions>
    </Filter>
    <Filter Include="헤더 파일">
      <UniqueIdentifier>{93995380-89BD-4b04-88EB-625FBE52EBFB}</UniqueIdentifier>
      <Extensions>h;hh;hpp;hxx;hm;inl;inc;xsd</Extensions>
    </Filter>
    <Filter Include="리소스 파일">
      <UniqueIdentifier>{67DA6AB6-F800-4c08-8B7A-83BB121AAD01}</UniqueIdentifier>
      <Extensions>rc;ico;cur;bmp;dlg;rc2;rct;bin;rgs;gif;jpg;jpeg;jpe;resx;tiff;tif;png;wav;mfcribbon-ms</Extensions>
    </Filter>
  </ItemGroup>
  <ItemGroup>
    <ClInclude Include="resource.h">
      <Filter>헤더 파일</Filter>
    </ClInclude>
    <ClInclude Include="resource2.h">
      <Filter>헤더 파일</Filter>
    </ClInclude>
    <ClInclude Include="RandomDraw.h">
      <Filter>헤더 파일</Filter>
    </ClInclude>
    <ClInclude Include="RandomDrawHW.h">
      <Filter>헤더 파일</Filter>
    </ClInclude>
    <ClInclude Include="ChungDol.h">
      <Filter>헤더 파일</Filter>
    </ClInclude>
    <ClInclude Include="ImgScroll.h">
      <Filter>헤더 파일</Filter>
    </ClInclude>
    <ClInclude Include="KeyState.h">
      <Filter>소스 파일</Filter>
    </ClInclude>
    <ClInclude Include="ShootingGame.h">
      <Filter>헤더 파일</Filter>
    </ClInclude>
  </ItemGroup>
  <ItemGroup>
    <ResourceCompile Include="Win32Project1.rc">
      <Filter>리소스 파일</Filter>
    </ResourceCompile>
  </ItemGroup>
  <ItemGroup>
    <ClCompile Include="First.cpp">
      <Filter>소스 파일</Filter>
    </ClCompile>
    <ClCompile Include="RandomDraw.cpp">
      <Filter>소스 파일</Filter>
    </ClCompile>
    <ClCompile Include="WinMain.cpp">
      <Filter>소스 파일</Filter>
    </ClCompile>
    <ClCompile Include="RandomDrawHW.cpp">
      <Filter>소스 파일</Filter>
    </ClCompile>
    <ClCompile Include="Practice.cpp">
      <Filter>소스 파일</Filter>
    </ClCompile>
    <ClCompile Include="Control.cpp">
      <Filter>소스 파일</Filter>
    </ClCompile>
    <ClCompile Include="Check.cpp">
      <Filter>소스 파일</Filter>
    </ClCompile>
    <ClCompile Include="Radiobox.cpp">
      <Filter>소스 파일</Filter>
    </ClCompile>
    <ClCompile Include="Mouse.cpp">
      <Filter>소스 파일</Filter>
    </ClCompile>
    <ClCompile Include="Timer.cpp">
      <Filter>소스 파일</Filter>
    </ClCompile>
    <ClCompile Include="Cursor.cpp">
      <Filter>소스 파일</Filter>
    </ClCompile>
    <ClCompile Include="Image.cpp">
      <Filter>소스 파일</Filter>
    </ClCompile>
    <ClCompile Include="ChungDol.cpp">
      <Filter>소스 파일</Filter>
    </ClCompile>
    <ClCompile Include="ImgScroll.cpp">
      <Filter>소스 파일</Filter>
    </ClCompile>
    <ClCompile Include="CmdMake.cpp">
      <Filter>소스 파일</Filter>
    </ClCompile>
    <ClCompile Include="Adderprocess.cpp">
      <Filter>소스 파일</Filter>
    </ClCompile>
    <ClCompile Include="CreateProcess.cpp">
      <Filter>소스 파일</Filter>
    </ClCompile>
    <ClCompile Include="ShootingGame.cpp">
      <Filter>소스 파일</Filter>
    </ClCompile>
    <ClCompile Include="Operation1.cpp">
      <Filter>소스 파일</Filter>
    </ClCompile>
    <ClCompile Include="Operation2.cpp">
      <Filter>소스 파일</Filter>
    </ClCompile>
  </ItemGroup>
  <ItemGroup>
    <None Include="Cursor_Icon_Files\Cursor\LeagueOfLegends\link.cur">
      <Filter>리소스 파일</Filter>
    </None>
    <None Include="Cursor_Icon_Files\AnimatedCursor\gam1229.ani" />
  </ItemGroup>
  <ItemGroup>
    <Image Include="angryBirdIcon\Fasticon-Angry-Birds-Red-bird.ico">
      <Filter>리소스 파일</Filter>
    </Image>
    <Image Include="..\Resource\BackGround.bmp">
      <Filter>리소스 파일</Filter>
    </Image>
    <Image Include="..\Resource\sky1.bmp">
      <Filter>리소스 파일</Filter>
    </Image>
    <Image Include="..\Resource\sky2.bmp">
      <Filter>리소스 파일</Filter>
    </Image>
    <Image Include="..\Resource\sky3.bmp">
      <Filter>리소스 파일</Filter>
    </Image>
    <Image Include="..\Resource\airplane.bmp">
      <Filter>리소스 파일</Filter>
    </Image>
  </ItemGroup>
</Project>